
Microsoft Visual Studio Solution File, Format Version 12.00
# Visual Studio Version 16
VisualStudioVersion = 16.0.29201.188
MinimumVisualStudioVersion = 10.0.40219.1
Project("{9A19103F-16F7-4668-BE54-9A1E7A4F7556}") = "Model", "Model\Model.csproj", "{A7004FEA-ABCA-4A5A-B5EC-87E866E3F454}"
EndProject
Project("{FAE04EC0-301F-11D3-BF4B-00C04F79EFBC}") = "Expedicao", "Expedicao\Expedicao.csproj", "{1EA6B6AE-DD86-454B-9483-F21A2B9E04C3}"
EndProject
Global
	GlobalSection(SolutionConfigurationPlatforms) = preSolution
		Debug|Any CPU = Debug|Any CPU
		Release|Any CPU = Release|Any CPU
	EndGlobalSection
	GlobalSection(ProjectConfigurationPlatforms) = postSolution
		{A7004FEA-ABCA-4A5A-B5EC-87E866E3F454}.Debug|Any CPU.ActiveCfg = Debug|Any CPU
		{A7004FEA-ABCA-4A5A-B5EC-87E866E3F454}.Debug|Any CPU.Build.0 = Debug|Any CPU
		{A7004FEA-ABCA-4A5A-B5EC-87E866E3F454}.Release|Any CPU.ActiveCfg = Release|Any CPU
		{A7004FEA-ABCA-4A5A-B5EC-87E866E3F454}.Release|Any CPU.Build.0 = Release|Any CPU
		{1EA6B6AE-DD86-454B-9483-F21A2B9E04C3}.Debug|Any CPU.ActiveCfg = Debug|Any CPU
		{1EA6B6AE-DD86-454B-9483-F21A2B9E04C3}.Debug|Any CPU.Build.0 = Debug|Any CPU
		{1EA6B6AE-DD86-454B-9483-F21A2B9E04C3}.Release|Any CPU.ActiveCfg = Release|Any CPU
		{1EA6B6AE-DD86-454B-9483-F21A2B9E04C3}.Release|Any CPU.Build.0 = Release|Any CPU
	EndGlobalSection
	GlobalSection(SolutionProperties) = preSolution
		HideSolutionNode = FALSE
	EndGlobalSection
	GlobalSection(ExtensibilityGlobals) = postSolution
		SolutionGuid = {70807DEE-F8F5-4B80-9B89-C6F31A261CF3}
	EndGlobalSection
EndGlobal
